<?xml version="1.0" encoding="utf-8"?>
<Project ToolsVersion="4.0" xmlns="http://schemas.microsoft.com/developer/msbuild/2003">
  <ItemGroup>
    <ClCompile Include="j1Window.cpp">
      <Filter>Core\Modules</Filter>
    </ClCompile>
    <ClCompile Include="j1App.cpp">
      <Filter>Core</Filter>
    </ClCompile>
    <ClCompile Include="j1Input.cpp">
      <Filter>Core\Modules</Filter>
    </ClCompile>
    <ClCompile Include="j1Main.cpp">
      <Filter>Core</Filter>
    </ClCompile>
    <ClCompile Include="j1Render.cpp">
      <Filter>Core\Modules</Filter>
    </ClCompile>
    <ClCompile Include="j1Textures.cpp">
      <Filter>Core\Modules</Filter>
    </ClCompile>
    <ClCompile Include="p2Log.cpp">
      <Filter>Tools</Filter>
    </ClCompile>
    <ClCompile Include="j1Scene.cpp">
      <Filter>Core\Scenes</Filter>
    </ClCompile>
    <ClCompile Include="PugiXml\src\pugixml.cpp">
      <Filter>Core\Tools\PuguiXML</Filter>
    </ClCompile>
    <ClCompile Include="j1Map.cpp">
      <Filter>Core\Modules</Filter>
    </ClCompile>
    <ClCompile Include="j1Timer.cpp">
      <Filter>Core\Tools</Filter>
    </ClCompile>
    <ClCompile Include="j1PerfTimer.cpp">
      <Filter>Core\Tools</Filter>
    </ClCompile>
    <ClCompile Include="j1Fonts.cpp">
      <Filter>Core\Modules</Filter>
    </ClCompile>
    <ClCompile Include="j1Gui.cpp">
      <Filter>Core\Modules</Filter>
    </ClCompile>
    <ClCompile Include="QuadTree.cpp">
      <Filter>Core\Tools\Trees</Filter>
    </ClCompile>
    <ClCompile Include="EntityManager.cpp">
      <Filter>Core\Modules</Filter>
    </ClCompile>
    <ClCompile Include="Unit.cpp">
      <Filter>Core\Entities\Unit</Filter>
    </ClCompile>
    <ClCompile Include="Building.cpp">
      <Filter>Core\Entities\Building</Filter>
    </ClCompile>
    <ClCompile Include="MaykMath.cpp">
      <Filter>Core\Tools\Trees\Math</Filter>
    </ClCompile>
    <ClCompile Include="AABBTree.cpp">
      <Filter>Core\Tools\Trees</Filter>
    </ClCompile>
  </ItemGroup>
  <ItemGroup>
    <ClInclude Include="j1Window.h">
      <Filter>Core\Modules</Filter>
    </ClInclude>
    <ClInclude Include="j1App.h">
      <Filter>Core</Filter>
    </ClInclude>
    <ClInclude Include="j1Input.h">
      <Filter>Core\Modules</Filter>
    </ClInclude>
    <ClInclude Include="j1Module.h">
      <Filter>Core</Filter>
    </ClInclude>
    <ClInclude Include="j1Render.h">
      <Filter>Core\Modules</Filter>
    </ClInclude>
    <ClInclude Include="j1Textures.h">
      <Filter>Core\Modules</Filter>
    </ClInclude>
    <ClInclude Include="p2Defs.h">
      <Filter>Tools</Filter>
    </ClInclude>
    <ClInclude Include="p2Log.h">
      <Filter>Tools</Filter>
    </ClInclude>
    <ClInclude Include="p2Point.h">
      <Filter>Tools</Filter>
    </ClInclude>
    <ClInclude Include="j1Scene.h">
      <Filter>Core\Scenes</Filter>
    </ClInclude>
    <ClInclude Include="PugiXml\src\pugiconfig.hpp">
      <Filter>Core\Tools\PuguiXML</Filter>
    </ClInclude>
    <ClInclude Include="PugiXml\src\pugixml.hpp">
      <Filter>Core\Tools\PuguiXML</Filter>
    </ClInclude>
    <ClInclude Include="j1Map.h">
      <Filter>Core\Modules</Filter>
    </ClInclude>
    <ClInclude Include="j1Timer.h">
      <Filter>Core\Tools</Filter>
    </ClInclude>
    <ClInclude Include="j1PerfTimer.h">
      <Filter>Core\Tools</Filter>
    </ClInclude>
    <ClInclude Include="j1Fonts.h">
      <Filter>Core\Modules</Filter>
    </ClInclude>
    <ClInclude Include="j1Gui.h">
      <Filter>Core\Modules</Filter>
    </ClInclude>
    <ClInclude Include="QuadTree.h">
      <Filter>Core\Tools\Trees</Filter>
    </ClInclude>
    <ClInclude Include="EntityManager.h">
      <Filter>Core\Modules</Filter>
    </ClInclude>
    <ClInclude Include="Entity.h">
      <Filter>Core\Entities</Filter>
    </ClInclude>
    <ClInclude Include="Unit.h">
      <Filter>Core\Entities\Unit</Filter>
    </ClInclude>
    <ClInclude Include="Building.h">
      <Filter>Core\Entities\Building</Filter>
    </ClInclude>
    <ClInclude Include="AABBTree.h">
      <Filter>Core\Tools\Trees</Filter>
    </ClInclude>
    <ClInclude Include="MaykMath.h">
      <Filter>Core\Tools\Trees\Math</Filter>
    </ClInclude>
  </ItemGroup>
  <ItemGroup>
    <Filter Include="Tools">
      <UniqueIdentifier>{a8bfab6a-5472-4969-943e-861a8b493f08}</UniqueIdentifier>
    </Filter>
    <Filter Include="Core">
      <UniqueIdentifier>{cb944693-b9d0-484c-bad2-02d5a7cdbec6}</UniqueIdentifier>
    </Filter>
    <Filter Include="Core\Tools">
      <UniqueIdentifier>{42c748be-4a37-49de-970f-5be811d06b38}</UniqueIdentifier>
    </Filter>
    <Filter Include="Core\Tools\PuguiXML">
      <UniqueIdentifier>{7cb78d67-17cc-45eb-af97-e2106becce7b}</UniqueIdentifier>
    </Filter>
    <Filter Include="Core\Scenes">
      <UniqueIdentifier>{e07660eb-d36f-4cc9-af59-324d31c2f2f6}</UniqueIdentifier>
    </Filter>
    <Filter Include="Core\Modules">
      <UniqueIdentifier>{244722d1-90ce-423d-8e7a-556211865a32}</UniqueIdentifier>
    </Filter>
    <Filter Include="Core\Tools\Trees">
      <UniqueIdentifier>{c47eb193-3016-4949-8f56-a6fb90788276}</UniqueIdentifier>
    </Filter>
    <Filter Include="Core\Entities">
      <UniqueIdentifier>{5a0ad7a5-4d2a-445c-a9f1-ff04270ab560}</UniqueIdentifier>
    </Filter>
    <Filter Include="Core\Entities\Unit">
      <UniqueIdentifier>{8e541af1-9ef2-4870-920e-6d1f893850e5}</UniqueIdentifier>
    </Filter>
    <Filter Include="Core\Entities\Building">
      <UniqueIdentifier>{5c392556-c622-4762-bfa9-5513b4071e98}</UniqueIdentifier>
    </Filter>
    <Filter Include="Core\Tools\Trees\Math">
      <UniqueIdentifier>{2148e84d-9aa5-4fc3-bc1c-af5b50201d1e}</UniqueIdentifier>
    </Filter>
  </ItemGroup>
</Project>